
Microsoft Visual Studio Solution File, Format Version 12.00
# Visual Studio Version 17
VisualStudioVersion = 17.2.32630.192
MinimumVisualStudioVersion = 10.0.40219.1
Project("{FAE04EC0-301F-11D3-BF4B-00C04F79EFBC}") = "THKTPM", "THKTPM\THKTPM.csproj", "{EDF3FC21-B9BC-49AA-8BFB-00414D291E41}"
EndProject
Global
	GlobalSection(SolutionConfigurationPlatforms) = preSolution
		Debug|Any CPU = Debug|Any CPU
		Release|Any CPU = Release|Any CPU
	EndGlobalSection
	GlobalSection(ProjectConfigurationPlatforms) = postSolution
		{EDF3FC21-B9BC-49AA-8BFB-00414D291E41}.Debug|Any CPU.ActiveCfg = Debug|Any CPU
		{EDF3FC21-B9BC-49AA-8BFB-00414D291E41}.Debug|Any CPU.Build.0 = Debug|Any CPU
		{EDF3FC21-B9BC-49AA-8BFB-00414D291E41}.Release|Any CPU.ActiveCfg = Release|Any CPU
		{EDF3FC21-B9BC-49AA-8BFB-00414D291E41}.Release|Any CPU.Build.0 = Release|Any CPU
	EndGlobalSection
	GlobalSection(SolutionProperties) = preSolution
		HideSolutionNode = FALSE
	EndGlobalSection
	GlobalSection(ExtensibilityGlobals) = postSolution
		SolutionGuid = {C8196843-1009-4092-AAC9-8D93E5275649}
	EndGlobalSection
EndGlobal
